
Microsoft Visual Studio Solution File, Format Version 12.00
# Visual Studio 2013
VisualStudioVersion = 12.0.40629.0
MinimumVisualStudioVersion = 10.0.40219.1
Project("{FAE04EC0-301F-11D3-BF4B-00C04F79EFBC}") = "StarStaffLib", "StarStaffLib\StarStaffLib.csproj", "{B3C1AAF9-C63A-409C-A4FE-A8B77723AD1F}"
EndProject
Project("{FAE04EC0-301F-11D3-BF4B-00C04F79EFBC}") = "StarStaffLibTests", "StarStaffLibTests\StarStaffLibTests.csproj", "{FC12CFF0-6D2A-48E4-A83A-50BF1689EEF8}"
EndProject
Global
	GlobalSection(SolutionConfigurationPlatforms) = preSolution
		Debug|Any CPU = Debug|Any CPU
		Release|Any CPU = Release|Any CPU
	EndGlobalSection
	GlobalSection(ProjectConfigurationPlatforms) = postSolution
		{B3C1AAF9-C63A-409C-A4FE-A8B77723AD1F}.Debug|Any CPU.ActiveCfg = Debug|Any CPU
		{B3C1AAF9-C63A-409C-A4FE-A8B77723AD1F}.Debug|Any CPU.Build.0 = Debug|Any CPU
		{B3C1AAF9-C63A-409C-A4FE-A8B77723AD1F}.Release|Any CPU.ActiveCfg = Release|Any CPU
		{B3C1AAF9-C63A-409C-A4FE-A8B77723AD1F}.Release|Any CPU.Build.0 = Release|Any CPU
		{FC12CFF0-6D2A-48E4-A83A-50BF1689EEF8}.Debug|Any CPU.ActiveCfg = Debug|Any CPU
		{FC12CFF0-6D2A-48E4-A83A-50BF1689EEF8}.Debug|Any CPU.Build.0 = Debug|Any CPU
		{FC12CFF0-6D2A-48E4-A83A-50BF1689EEF8}.Release|Any CPU.ActiveCfg = Release|Any CPU
		{FC12CFF0-6D2A-48E4-A83A-50BF1689EEF8}.Release|Any CPU.Build.0 = Release|Any CPU
	EndGlobalSection
	GlobalSection(SolutionProperties) = preSolution
		HideSolutionNode = FALSE
	EndGlobalSection
EndGlobal
